// !$*UTF8*$!
{
	archiveVersion = 1;
	classes = {
	};
	objectVersion = 46;
	objects = {

/* Begin PBXBuildFile section */
		7EE834682064F72A0080BAD8 /* AppDelegate.swift in Sources */ = {isa = PBXBuildFile; fileRef = 7EE834672064F72A0080BAD8 /* AppDelegate.swift */; };
		7EE8346A2064F72A0080BAD8 /* ViewController.swift in Sources */ = {isa = PBXBuildFile; fileRef = 7EE834692064F72A0080BAD8 /* ViewController.swift */; };
		7EE8346D2064F72A0080BAD8 /* Main.storyboard in Resources */ = {isa = PBXBuildFile; fileRef = 7EE8346B2064F72A0080BAD8 /* Main.storyboard */; };
		7EE8346F2064F72A0080BAD8 /* Assets.xcassets in Resources */ = {isa = PBXBuildFile; fileRef = 7EE8346E2064F72A0080BAD8 /* Assets.xcassets */; };
		7EE834722064F72A0080BAD8 /* LaunchScreen.storyboard in Resources */ = {isa = PBXBuildFile; fileRef = 7EE834702064F72A0080BAD8 /* LaunchScreen.storyboard */; };
		7EE8347D2064F72A0080BAD8 /* TestAnchorPointTests.swift in Sources */ = {isa = PBXBuildFile; fileRef = 7EE8347C2064F72A0080BAD8 /* TestAnchorPointTests.swift */; };
/* End PBXBuildFile section */

/* Begin PBXContainerItemProxy section */
		7EE834792064F72A0080BAD8 /* PBXContainerItemProxy */ = {
			isa = PBXContainerItemProxy;
			containerPortal = 7EE8345C2064F72A0080BAD8 /* Project object */;
			proxyType = 1;
			remoteGlobalIDString = 7EE834632064F72A0080BAD8;
			remoteInfo = TestAnchorPoint;
		};
/* End PBXContainerItemProxy section */

/* Begin PBXFileReference section */
		7EE834642064F72A0080BAD8 /* TestAnchorPoint.app */ = {isa = PBXFileReference; explicitFileType = wrapper.application; includeInIndex = 0; path = TestAnchorPoint.app; sourceTree = BUILT_PRODUCTS_DIR; };
		7EE834672064F72A0080BAD8 /* AppDelegate.swift */ = {isa = PBXFileReference; lastKnownFileType = sourcecode.swift; path = AppDelegate.swift; sourceTree = "<group>"; };
		7EE834692064F72A0080BAD8 /* ViewController.swift */ = {isa = PBXFileReference; lastKnownFileType = sourcecode.swift; path = ViewController.swift; sourceTree = "<group>"; };
		7EE8346C2064F72A0080BAD8 /* Base */ = {isa = PBXFileReference; lastKnownFileType = file.storyboard; name = Base; path = Base.lproj/Main.storyboard; sourceTree = "<group>"; };
		7EE8346E2064F72A0080BAD8 /* Assets.xcassets */ = {isa = PBXFileReference; lastKnownFileType = folder.assetcatalog; path = Assets.xcassets; sourceTree = "<group>"; };
		7EE834712064F72A0080BAD8 /* Base */ = {isa = PBXFileReference; lastKnownFileType = file.storyboard; name = Base; path = Base.lproj/LaunchScreen.storyboard; sourceTree = "<group>"; };
		7EE834732064F72A0080BAD8 /* Info.plist */ = {isa = PBXFileReference; lastKnownFileType = text.plist.xml; path = Info.plist; sourceTree = "<group>"; };
		7EE834782064F72A0080BAD8 /* TestAnchorPointTests.xctest */ = {isa = PBXFileReference; explicitFileType = wrapper.cfbundle; includeInIndex = 0; path = TestAnchorPointTests.xctest; sourceTree = BUILT_PRODUCTS_DIR; };
		7EE8347C2064F72A0080BAD8 /* TestAnchorPointTests.swift */ = {isa = PBXFileReference; lastKnownFileType = sourcecode.swift; path = TestAnchorPointTests.swift; sourceTree = "<group>"; };
		7EE8347E2064F72A0080BAD8 /* Info.plist */ = {isa = PBXFileReference; lastKnownFileType = text.plist.xml; path = Info.plist; sourceTree = "<group>"; };
/* End PBXFileReference section */

/* Begin PBXFrameworksBuildPhase section */
		7EE834612064F72A0080BAD8 /* Frameworks */ = {
			isa = PBXFrameworksBuildPhase;
			buildActionMask = 2147483647;
			files = (
			);
			runOnlyForDeploymentPostprocessing = 0;
		};
		7EE834752064F72A0080BAD8 /* Frameworks */ = {
			isa = PBXFrameworksBuildPhase;
			buildActionMask = 2147483647;
			files = (
			);
			runOnlyForDeploymentPostprocessing = 0;
		};
/* End PBXFrameworksBuildPhase section */

/* Begin PBXGroup section */
		7EE8345B2064F72A0080BAD8 = {
			isa = PBXGroup;
			children = (
				7EE834662064F72A0080BAD8 /* TestAnchorPoint */,
				7EE8347B2064F72A0080BAD8 /* TestAnchorPointTests */,
				7EE834652064F72A0080BAD8 /* Products */,
			);
			sourceTree = "<group>";
		};
		7EE834652064F72A0080BAD8 /* Products */ = {
			isa = PBXGroup;
			children = (
				7EE834642064F72A0080BAD8 /* TestAnchorPoint.app */,
				7EE834782064F72A0080BAD8 /* TestAnchorPointTests.xctest */,
			);
			name = Products;
			sourceTree = "<group>";
		};
		7EE834662064F72A0080BAD8 /* TestAnchorPoint */ = {
			isa = PBXGroup;
			children = (
				7EE834672064F72A0080BAD8 /* AppDelegate.swift */,
				7EE834692064F72A0080BAD8 /* ViewController.swift */,
				7EE8346B2064F72A0080BAD8 /* Main.storyboard */,
				7EE8346E2064F72A0080BAD8 /* Assets.xcassets */,
				7EE834702064F72A0080BAD8 /* LaunchScreen.storyboard */,
				7EE834732064F72A0080BAD8 /* Info.plist */,
			);
			path = TestAnchorPoint;
			sourceTree = "<group>";
		};
		7EE8347B2064F72A0080BAD8 /* TestAnchorPointTests */ = {
			isa = PBXGroup;
			children = (
				7EE8347C2064F72A0080BAD8 /* TestAnchorPointTests.swift */,
				7EE8347E2064F72A0080BAD8 /* Info.plist */,
			);
			path = TestAnchorPointTests;
			sourceTree = "<group>";
		};
/* End PBXGroup section */

/* Begin PBXNativeTarget section */
		7EE834632064F72A0080BAD8 /* TestAnchorPoint */ = {
			isa = PBXNativeTarget;
			buildConfigurationList = 7EE834812064F72A0080BAD8 /* Build configuration list for PBXNativeTarget "TestAnchorPoint" */;
			buildPhases = (
				7EE834602064F72A0080BAD8 /* Sources */,
				7EE834612064F72A0080BAD8 /* Frameworks */,
				7EE834622064F72A0080BAD8 /* Resources */,
			);
			buildRules = (
			);
			dependencies = (
			);
			name = TestAnchorPoint;
			productName = TestAnchorPoint;
			productReference = 7EE834642064F72A0080BAD8 /* TestAnchorPoint.app */;
			productType = "com.apple.product-type.application";
		};
		7EE834772064F72A0080BAD8 /* TestAnchorPointTests */ = {
			isa = PBXNativeTarget;
			buildConfigurationList = 7EE834842064F72A0080BAD8 /* Build configuration list for PBXNativeTarget "TestAnchorPointTests" */;
			buildPhases = (
				7EE834742064F72A0080BAD8 /* Sources */,
				7EE834752064F72A0080BAD8 /* Frameworks */,
				7EE834762064F72A0080BAD8 /* Resources */,
			);
			buildRules = (
			);
			dependencies = (
				7EE8347A2064F72A0080BAD8 /* PBXTargetDependency */,
			);
			name = TestAnchorPointTests;
			productName = TestAnchorPointTests;
			productReference = 7EE834782064F72A0080BAD8 /* TestAnchorPointTests.xctest */;
			productType = "com.apple.product-type.bundle.unit-test";
		};
/* End PBXNativeTarget section */

/* Begin PBXProject section */
		7EE8345C2064F72A0080BAD8 /* Project object */ = {
			isa = PBXProject;
			attributes = {
				LastSwiftUpdateCheck = 0830;
				LastUpgradeCheck = 0830;
				ORGANIZATIONNAME = qwkj;
				TargetAttributes = {
					7EE834632064F72A0080BAD8 = {
						CreatedOnToolsVersion = 8.3.1;
						DevelopmentTeam = DXY592L98C;
						ProvisioningStyle = Automatic;
					};
					7EE834772064F72A0080BAD8 = {
						CreatedOnToolsVersion = 8.3.1;
						DevelopmentTeam = DXY592L98C;
						ProvisioningStyle = Automatic;
						TestTargetID = 7EE834632064F72A0080BAD8;
					};
				};
			};
			buildConfigurationList = 7EE8345F2064F72A0080BAD8 /* Build configuration list for PBXProject "TestAnchorPoint" */;
			compatibilityVersion = "Xcode 3.2";
			developmentRegion = English;
			hasScannedForEncodings = 0;
			knownRegions = (
				en,
				Base,
			);
			mainGroup = 7EE8345B2064F72A0080BAD8;
			productRefGroup = 7EE834652064F72A0080BAD8 /* Products */;
			projectDirPath = "";
			projectRoot = "";
			targets = (
				7EE834632064F72A0080BAD8 /* TestAnchorPoint */,
				7EE834772064F72A0080BAD8 /* TestAnchorPointTests */,
			);
		};
/* End PBXProject section */

/* Begin PBXResourcesBuildPhase section */
		7EE834622064F72A0080BAD8 /* Resources */ = {
			isa = PBXResourcesBuildPhase;
			buildActionMask = 2147483647;
			files = (
				7EE834722064F72A0080BAD8 /* LaunchScreen.storyboard in Resources */,
				7EE8346F2064F72A0080BAD8 /* Assets.xcassets in Resources */,
				7EE8346D2064F72A0080BAD8 /* Main.storyboard in Resources */,
			);
			runOnlyForDeploymentPostprocessing = 0;
		};
		7EE834762064F72A0080BAD8 /* Resources */ = {
			isa = PBXResourcesBuildPhase;
			buildActionMask = 2147483647;
			files = (
			);
			runOnlyForDeploymentPostprocessing = 0;
		};
/* End PBXResourcesBuildPhase section */

/* Begin PBXSourcesBuildPhase section */
		7EE834602064F72A0080BAD8 /* Sources */ = {
			isa = PBXSourcesBuildPhase;
			buildActionMask = 2147483647;
			files = (
				7EE8346A2064F72A0080BAD8 /* ViewController.swift in Sources */,
				7EE834682064F72A0080BAD8 /* AppDelegate.swift in Sources */,
			);
			runOnlyForDeploymentPostprocessing = 0;
		};
		7EE834742064F72A0080BAD8 /* Sources */ = {
			isa = PBXSourcesBuildPhase;
			buildActionMask = 2147483647;
			files = (
				7EE8347D2064F72A0080BAD8 /* TestAnchorPointTests.swift in Sources */,
			);
			runOnlyForDeploymentPostprocessing = 0;
		};
/* End PBXSourcesBuildPhase section */

/* Begin PBXTargetDependency section */
		7EE8347A2064F72A0080BAD8 /* PBXTargetDependency */ = {
			isa = PBXTargetDependency;
			target = 7EE834632064F72A0080BAD8 /* TestAnchorPoint */;
			targetProxy = 7EE834792064F72A0080BAD8 /* PBXContainerItemProxy */;
		};
/* End PBXTargetDependency section */

/* Begin PBXVariantGroup section */
		7EE8346B2064F72A0080BAD8 /* Main.storyboard */ = {
			isa = PBXVariantGroup;
			children = (
				7EE8346C2064F72A0080BAD8 /* Base */,
			);
			name = Main.storyboard;
			sourceTree = "<group>";
		};
		7EE834702064F72A0080BAD8 /* LaunchScreen.storyboard */ = {
			isa = PBXVariantGroup;
			children = (
				7EE834712064F72A0080BAD8 /* Base */,
			);
			name = LaunchScreen.storyboard;
			sourceTree = "<group>";
		};
/* End PBXVariantGroup section */

/* Begin XCBuildConfiguration section */
		7EE8347F2064F72A0080BAD8 /* Debug */ = {
			isa = XCBuildConfiguration;
			buildSettings = {
				ALWAYS_SEARCH_USER_PATHS = NO;
				CLANG_ANALYZER_NONNULL = YES;
				CLANG_ANALYZER_NUMBER_OBJECT_CONVERSION = YES_AGGRESSIVE;
				CLANG_CXX_LANGUAGE_STANDARD = "gnu++0x";
				CLANG_CXX_LIBRARY = "libc++";
				CLANG_ENABLE_MODULES = YES;
				CLANG_ENABLE_OBJC_ARC = YES;
				CLANG_WARN_BOOL_CONVERSION = YES;
				CLANG_WARN_CONSTANT_CONVERSION = YES;
				CLANG_WARN_DIRECT_OBJC_ISA_USAGE = YES_ERROR;
				CLANG_WARN_DOCUMENTATION_COMMENTS = YES;
				CLANG_WARN_EMPTY_BODY = YES;
				CLANG_WARN_ENUM_CONVERSION = YES;
				CLANG_WARN_INFINITE_RECURSION = YES;
				CLANG_WARN_INT_CONVERSION = YES;
				CLANG_WARN_OBJC_ROOT_CLASS = YES_ERROR;
				CLANG_WARN_SUSPICIOUS_MOVE = YES;
				CLANG_WARN_UNREACHABLE_CODE = YES;
				CLANG_WARN__DUPLICATE_METHOD_MATCH = YES;
				"CODE_SIGN_IDENTITY[sdk=iphoneos*]" = "iPhone Developer";
				COPY_PHASE_STRIP = NO;
				DEBUG_INFORMATION_FORMAT = dwarf;
				ENABLE_STRICT_OBJC_MSGSEND = YES;
				ENABLE_TESTABILITY = YES;
				GCC_C_LANGUAGE_STANDARD = gnu99;
				GCC_DYNAMIC_NO_PIC = NO;
				GCC_NO_COMMON_BLOCKS = YES;
				GCC_OPTIMIZATION_LEVEL = 0;
				GCC_PREPROCESSOR_DEFINITIONS = (
					"DEBUG=1",
					"$(inherited)",
				);
				GCC_WARN_64_TO_32_BIT_CONVERSION = YES;
				GCC_WARN_ABOUT_RETURN_TYPE = YES_ERROR;
				GCC_WARN_UNDECLARED_SELECTOR = YES;
				GCC_WARN_UNINITIALIZED_AUTOS = YES_AGGRESSIVE;
				GCC_WARN_UNUSED_FUNCTION = YES;
				GCC_WARN_UNUSED_VARIABLE = YES;
				IPHONEOS_DEPLOYMENT_TARGET = 10.3;
				MTL_ENABLE_DEBUG_INFO = YES;
				ONLY_ACTIVE_ARCH = YES;
				SDKROOT = iphoneos;
				SWIFT_ACTIVE_COMPILATION_CONDITIONS = DEBUG;
				SWIFT_OPTIMIZATION_LEVEL = "-Onone";
				TARGETED_DEVICE_FAMILY = "1,2";
			};
			name = Debug;
		};
		7EE834802064F72A0080BAD8 /* Release */ = {
			isa = XCBuildConfiguration;
			buildSettings = {
				ALWAYS_SEARCH_USER_PATHS = NO;
				CLANG_ANALYZER_NONNULL = YES;
				CLANG_ANALYZER_NUMBER_OBJECT_CONVERSION = YES_AGGRESSIVE;
				CLANG_CXX_LANGUAGE_STANDARD = "gnu++0x";
				CLANG_CXX_LIBRARY = "libc++";
				CLANG_ENABLE_MODULES = YES;
				CLANG_ENABLE_OBJC_ARC = YES;
				CLANG_WARN_BOOL_CONVERSION = YES;
				CLANG_WARN_CONSTANT_CONVERSION = YES;
				CLANG_WARN_DIRECT_OBJC_ISA_USAGE = YES_ERROR;
				CLANG_WARN_DOCUMENTATION_COMMENTS = YES;
				CLANG_WARN_EMPTY_BODY = YES;
				CLANG_WARN_ENUM_CONVERSION = YES;
				CLANG_WARN_INFINITE_RECURSION = YES;
				CLANG_WARN_INT_CONVERSION = YES;
				CLANG_WARN_OBJC_ROOT_CLASS = YES_ERROR;
				CLANG_WARN_SUSPICIOUS_MOVE = YES;
				CLANG_WARN_UNREACHABLE_CODE = YES;
				CLANG_WARN__DUPLICATE_METHOD_MATCH = YES;
				"CODE_SIGN_IDENTITY[sdk=iphoneos*]" = "iPhone Developer";
				COPY_PHASE_STRIP = NO;
				DEBUG_INFORMATION_FORMAT = "dwarf-with-dsym";
				ENABLE_NS_ASSERTIONS = NO;
				ENABLE_STRICT_OBJC_MSGSEND = YES;
				GCC_C_LANGUAGE_STANDARD = gnu99;
				GCC_NO_COMMON_BLOCKS = YES;
				GCC_WARN_64_TO_32_BIT_CONVERSION = YES;
				GCC_WARN_ABOUT_RETURN_TYPE = YES_ERROR;
				GCC_WARN_UNDECLARED_SELECTOR = YES;
				GCC_WARN_UNINITIALIZED_AUTOS = YES_AGGRESSIVE;
				GCC_WARN_UNUSED_FUNCTION = YES;
				GCC_WARN_UNUSED_VARIABLE = YES;
				IPHONEOS_DEPLOYMENT_TARGET = 10.3;
				MTL_ENABLE_DEBUG_INFO = NO;
				SDKROOT = iphoneos;
				SWIFT_OPTIMIZATION_LEVEL = "-Owholemodule";
				TARGETED_DEVICE_FAMILY = "1,2";
				VALIDATE_PRODUCT = YES;
			};
			name = Release;
		};
		7EE834822064F72A0080BAD8 /* Debug */ = {
			isa = XCBuildConfiguration;
			buildSettings = {
				ASSETCATALOG_COMPILER_APPICON_NAME = AppIcon;
				DEVELOPMENT_TEAM = DXY592L98C;
				INFOPLIST_FILE = TestAnchorPoint/Info.plist;
				LD_RUNPATH_SEARCH_PATHS = "$(inherited) @executable_path/Frameworks";
				PRODUCT_BUNDLE_IDENTIFIER = com.qwkj..TestAnchorPoint;
				PRODUCT_NAME = "$(TARGET_NAME)";
				SWIFT_VERSION = 3.0;
			};
			name = Debug;
		};
		7EE834832064F72A0080BAD8 /* Release */ = {
			isa = XCBuildConfiguration;
			buildSettings = {
				ASSETCATALOG_COMPILER_APPICON_NAME = AppIcon;
				DEVELOPMENT_TEAM = DXY592L98C;
				INFOPLIST_FILE = TestAnchorPoint/Info.plist;
				LD_RUNPATH_SEARCH_PATHS = "$(inherited) @executable_path/Frameworks";
				PRODUCT_BUNDLE_IDENTIFIER = com.qwkj..TestAnchorPoint;
				PRODUCT_NAME = "$(TARGET_NAME)";
				SWIFT_VERSION = 3.0;
			};
			name = Release;
		};
		7EE834852064F72A0080BAD8 /* Debug */ = {
			isa = XCBuildConfiguration;
			buildSettings = {
				ALWAYS_EMBED_SWIFT_STANDARD_LIBRARIES = YES;
				BUNDLE_LOADER = "$(TEST_HOST)";
				DEVELOPMENT_TEAM = DXY592L98C;
				INFOPLIST_FILE = TestAnchorPointTests/Info.plist;
				LD_RUNPATH_SEARCH_PATHS = "$(inherited) @executable_path/Frameworks @loader_path/Frameworks";
				PRODUCT_BUNDLE_IDENTIFIER = com.qwkj..TestAnchorPointTests;
				PRODUCT_NAME = "$(TARGET_NAME)";
				SWIFT_VERSION = 3.0;
				TEST_HOST = "$(BUILT_PRODUCTS_DIR)/TestAnchorPoint.app/TestAnchorPoint";
			};
			name = Debug;
		};
		7EE834862064F72A0080BAD8 /* Release */ = {
			isa = XCBuildConfiguration;
			buildSettings = {
				ALWAYS_EMBED_SWIFT_STANDARD_LIBRARIES = YES;
				BUNDLE_LOADER = "$(TEST_HOST)";
				DEVELOPMENT_TEAM = DXY592L98C;
				INFOPLIST_FILE = TestAnchorPointTests/Info.plist;
				LD_RUNPATH_SEARCH_PATHS = "$(inherited) @executable_path/Frameworks @loader_path/Frameworks";
				PRODUCT_BUNDLE_IDENTIFIER = com.qwkj..TestAnchorPointTests;
				PRODUCT_NAME = "$(TARGET_NAME)";
				SWIFT_VERSION = 3.0;
				TEST_HOST = "$(BUILT_PRODUCTS_DIR)/TestAnchorPoint.app/TestAnchorPoint";
			};
			name = Release;
		};
/* End XCBuildConfiguration section */

/* Begin XCConfigurationList section */
		7EE8345F2064F72A0080BAD8 /* Build configuration list for PBXProject "TestAnchorPoint" */ = {
			isa = XCConfigurationList;
			buildConfigurations = (
				7EE8347F2064F72A0080BAD8 /* Debug */,
				7EE834802064F72A0080BAD8 /* Release */,
			);
			defaultConfigurationIsVisible = 0;
			defaultConfigurationName = Release;
		};
		7EE834812064F72A0080BAD8 /* Build configuration list for PBXNativeTarget "TestAnchorPoint" */ = {
			isa = XCConfigurationList;
			buildConfigurations = (
				7EE834822064F72A0080BAD8 /* Debug */,
				7EE834832064F72A0080BAD8 /* Release */,
			);
			defaultConfigurationIsVisible = 0;
		};
		7EE834842064F72A0080BAD8 /* Build configuration list for PBXNativeTarget "TestAnchorPointTests" */ = {
			isa = XCConfigurationList;
			buildConfigurations = (
				7EE834852064F72A0080BAD8 /* Debug */,
				7EE834862064F72A0080BAD8 /* Release */,
			);
			defaultConfigurationIsVisible = 0;
		};
/* End XCConfigurationList section */
	};
	rootObject = 7EE8345C2064F72A0080BAD8 /* Project object */;
}
