// !$*UTF8*$!
{
	archiveVersion = 1;
	classes = {
	};
	objectVersion = 46;
	objects = {

/* Begin PBXBuildFile section */
		7E3C53FC2060F6A5004ECFFF /* AppDelegate.swift in Sources */ = {isa = PBXBuildFile; fileRef = 7E3C53FB2060F6A5004ECFFF /* AppDelegate.swift */; };
		7E3C53FE2060F6A5004ECFFF /* ViewController.swift in Sources */ = {isa = PBXBuildFile; fileRef = 7E3C53FD2060F6A5004ECFFF /* ViewController.swift */; };
		7E3C54012060F6A5004ECFFF /* Main.storyboard in Resources */ = {isa = PBXBuildFile; fileRef = 7E3C53FF2060F6A5004ECFFF /* Main.storyboard */; };
		7E3C54032060F6A5004ECFFF /* Assets.xcassets in Resources */ = {isa = PBXBuildFile; fileRef = 7E3C54022060F6A5004ECFFF /* Assets.xcassets */; };
		7E3C54062060F6A5004ECFFF /* LaunchScreen.storyboard in Resources */ = {isa = PBXBuildFile; fileRef = 7E3C54042060F6A5004ECFFF /* LaunchScreen.storyboard */; };
		7E3C54112060F6A5004ECFFF /* StudyCollectionViewTests.swift in Sources */ = {isa = PBXBuildFile; fileRef = 7E3C54102060F6A5004ECFFF /* StudyCollectionViewTests.swift */; };
		7E3C541E2061099F004ECFFF /* CollectionViewCell.swift in Sources */ = {isa = PBXBuildFile; fileRef = 7E3C541D2061099F004ECFFF /* CollectionViewCell.swift */; };
/* End PBXBuildFile section */

/* Begin PBXContainerItemProxy section */
		7E3C540D2060F6A5004ECFFF /* PBXContainerItemProxy */ = {
			isa = PBXContainerItemProxy;
			containerPortal = 7E3C53F02060F6A5004ECFFF /* Project object */;
			proxyType = 1;
			remoteGlobalIDString = 7E3C53F72060F6A5004ECFFF;
			remoteInfo = StudyCollectionView;
		};
/* End PBXContainerItemProxy section */

/* Begin PBXFileReference section */
		7E3C53F82060F6A5004ECFFF /* StudyCollectionView.app */ = {isa = PBXFileReference; explicitFileType = wrapper.application; includeInIndex = 0; path = StudyCollectionView.app; sourceTree = BUILT_PRODUCTS_DIR; };
		7E3C53FB2060F6A5004ECFFF /* AppDelegate.swift */ = {isa = PBXFileReference; lastKnownFileType = sourcecode.swift; path = AppDelegate.swift; sourceTree = "<group>"; };
		7E3C53FD2060F6A5004ECFFF /* ViewController.swift */ = {isa = PBXFileReference; lastKnownFileType = sourcecode.swift; path = ViewController.swift; sourceTree = "<group>"; };
		7E3C54002060F6A5004ECFFF /* Base */ = {isa = PBXFileReference; lastKnownFileType = file.storyboard; name = Base; path = Base.lproj/Main.storyboard; sourceTree = "<group>"; };
		7E3C54022060F6A5004ECFFF /* Assets.xcassets */ = {isa = PBXFileReference; lastKnownFileType = folder.assetcatalog; path = Assets.xcassets; sourceTree = "<group>"; };
		7E3C54052060F6A5004ECFFF /* Base */ = {isa = PBXFileReference; lastKnownFileType = file.storyboard; name = Base; path = Base.lproj/LaunchScreen.storyboard; sourceTree = "<group>"; };
		7E3C54072060F6A5004ECFFF /* Info.plist */ = {isa = PBXFileReference; lastKnownFileType = text.plist.xml; path = Info.plist; sourceTree = "<group>"; };
		7E3C540C2060F6A5004ECFFF /* StudyCollectionViewTests.xctest */ = {isa = PBXFileReference; explicitFileType = wrapper.cfbundle; includeInIndex = 0; path = StudyCollectionViewTests.xctest; sourceTree = BUILT_PRODUCTS_DIR; };
		7E3C54102060F6A5004ECFFF /* StudyCollectionViewTests.swift */ = {isa = PBXFileReference; lastKnownFileType = sourcecode.swift; path = StudyCollectionViewTests.swift; sourceTree = "<group>"; };
		7E3C54122060F6A5004ECFFF /* Info.plist */ = {isa = PBXFileReference; lastKnownFileType = text.plist.xml; path = Info.plist; sourceTree = "<group>"; };
		7E3C541D2061099F004ECFFF /* CollectionViewCell.swift */ = {isa = PBXFileReference; fileEncoding = 4; lastKnownFileType = sourcecode.swift; path = CollectionViewCell.swift; sourceTree = "<group>"; };
/* End PBXFileReference section */

/* Begin PBXFrameworksBuildPhase section */
		7E3C53F52060F6A5004ECFFF /* Frameworks */ = {
			isa = PBXFrameworksBuildPhase;
			buildActionMask = 2147483647;
			files = (
			);
			runOnlyForDeploymentPostprocessing = 0;
		};
		7E3C54092060F6A5004ECFFF /* Frameworks */ = {
			isa = PBXFrameworksBuildPhase;
			buildActionMask = 2147483647;
			files = (
			);
			runOnlyForDeploymentPostprocessing = 0;
		};
/* End PBXFrameworksBuildPhase section */

/* Begin PBXGroup section */
		7E3C53EF2060F6A5004ECFFF = {
			isa = PBXGroup;
			children = (
				7E3C53FA2060F6A5004ECFFF /* StudyCollectionView */,
				7E3C540F2060F6A5004ECFFF /* StudyCollectionViewTests */,
				7E3C53F92060F6A5004ECFFF /* Products */,
			);
			sourceTree = "<group>";
		};
		7E3C53F92060F6A5004ECFFF /* Products */ = {
			isa = PBXGroup;
			children = (
				7E3C53F82060F6A5004ECFFF /* StudyCollectionView.app */,
				7E3C540C2060F6A5004ECFFF /* StudyCollectionViewTests.xctest */,
			);
			name = Products;
			sourceTree = "<group>";
		};
		7E3C53FA2060F6A5004ECFFF /* StudyCollectionView */ = {
			isa = PBXGroup;
			children = (
				7E3C53FB2060F6A5004ECFFF /* AppDelegate.swift */,
				7E3C53FD2060F6A5004ECFFF /* ViewController.swift */,
				7E3C541D2061099F004ECFFF /* CollectionViewCell.swift */,
				7E3C53FF2060F6A5004ECFFF /* Main.storyboard */,
				7E3C54022060F6A5004ECFFF /* Assets.xcassets */,
				7E3C54042060F6A5004ECFFF /* LaunchScreen.storyboard */,
				7E3C54072060F6A5004ECFFF /* Info.plist */,
			);
			path = StudyCollectionView;
			sourceTree = "<group>";
		};
		7E3C540F2060F6A5004ECFFF /* StudyCollectionViewTests */ = {
			isa = PBXGroup;
			children = (
				7E3C54102060F6A5004ECFFF /* StudyCollectionViewTests.swift */,
				7E3C54122060F6A5004ECFFF /* Info.plist */,
			);
			path = StudyCollectionViewTests;
			sourceTree = "<group>";
		};
/* End PBXGroup section */

/* Begin PBXNativeTarget section */
		7E3C53F72060F6A5004ECFFF /* StudyCollectionView */ = {
			isa = PBXNativeTarget;
			buildConfigurationList = 7E3C54152060F6A5004ECFFF /* Build configuration list for PBXNativeTarget "StudyCollectionView" */;
			buildPhases = (
				7E3C53F42060F6A5004ECFFF /* Sources */,
				7E3C53F52060F6A5004ECFFF /* Frameworks */,
				7E3C53F62060F6A5004ECFFF /* Resources */,
			);
			buildRules = (
			);
			dependencies = (
			);
			name = StudyCollectionView;
			productName = StudyCollectionView;
			productReference = 7E3C53F82060F6A5004ECFFF /* StudyCollectionView.app */;
			productType = "com.apple.product-type.application";
		};
		7E3C540B2060F6A5004ECFFF /* StudyCollectionViewTests */ = {
			isa = PBXNativeTarget;
			buildConfigurationList = 7E3C54182060F6A5004ECFFF /* Build configuration list for PBXNativeTarget "StudyCollectionViewTests" */;
			buildPhases = (
				7E3C54082060F6A5004ECFFF /* Sources */,
				7E3C54092060F6A5004ECFFF /* Frameworks */,
				7E3C540A2060F6A5004ECFFF /* Resources */,
			);
			buildRules = (
			);
			dependencies = (
				7E3C540E2060F6A5004ECFFF /* PBXTargetDependency */,
			);
			name = StudyCollectionViewTests;
			productName = StudyCollectionViewTests;
			productReference = 7E3C540C2060F6A5004ECFFF /* StudyCollectionViewTests.xctest */;
			productType = "com.apple.product-type.bundle.unit-test";
		};
/* End PBXNativeTarget section */

/* Begin PBXProject section */
		7E3C53F02060F6A5004ECFFF /* Project object */ = {
			isa = PBXProject;
			attributes = {
				LastSwiftUpdateCheck = 0830;
				LastUpgradeCheck = 0830;
				ORGANIZATIONNAME = qwkj;
				TargetAttributes = {
					7E3C53F72060F6A5004ECFFF = {
						CreatedOnToolsVersion = 8.3.1;
						DevelopmentTeam = DXY592L98C;
						ProvisioningStyle = Automatic;
					};
					7E3C540B2060F6A5004ECFFF = {
						CreatedOnToolsVersion = 8.3.1;
						DevelopmentTeam = DXY592L98C;
						ProvisioningStyle = Automatic;
						TestTargetID = 7E3C53F72060F6A5004ECFFF;
					};
				};
			};
			buildConfigurationList = 7E3C53F32060F6A5004ECFFF /* Build configuration list for PBXProject "StudyCollectionView" */;
			compatibilityVersion = "Xcode 3.2";
			developmentRegion = English;
			hasScannedForEncodings = 0;
			knownRegions = (
				en,
				Base,
			);
			mainGroup = 7E3C53EF2060F6A5004ECFFF;
			productRefGroup = 7E3C53F92060F6A5004ECFFF /* Products */;
			projectDirPath = "";
			projectRoot = "";
			targets = (
				7E3C53F72060F6A5004ECFFF /* StudyCollectionView */,
				7E3C540B2060F6A5004ECFFF /* StudyCollectionViewTests */,
			);
		};
/* End PBXProject section */

/* Begin PBXResourcesBuildPhase section */
		7E3C53F62060F6A5004ECFFF /* Resources */ = {
			isa = PBXResourcesBuildPhase;
			buildActionMask = 2147483647;
			files = (
				7E3C54062060F6A5004ECFFF /* LaunchScreen.storyboard in Resources */,
				7E3C54032060F6A5004ECFFF /* Assets.xcassets in Resources */,
				7E3C54012060F6A5004ECFFF /* Main.storyboard in Resources */,
			);
			runOnlyForDeploymentPostprocessing = 0;
		};
		7E3C540A2060F6A5004ECFFF /* Resources */ = {
			isa = PBXResourcesBuildPhase;
			buildActionMask = 2147483647;
			files = (
			);
			runOnlyForDeploymentPostprocessing = 0;
		};
/* End PBXResourcesBuildPhase section */

/* Begin PBXSourcesBuildPhase section */
		7E3C53F42060F6A5004ECFFF /* Sources */ = {
			isa = PBXSourcesBuildPhase;
			buildActionMask = 2147483647;
			files = (
				7E3C53FE2060F6A5004ECFFF /* ViewController.swift in Sources */,
				7E3C53FC2060F6A5004ECFFF /* AppDelegate.swift in Sources */,
				7E3C541E2061099F004ECFFF /* CollectionViewCell.swift in Sources */,
			);
			runOnlyForDeploymentPostprocessing = 0;
		};
		7E3C54082060F6A5004ECFFF /* Sources */ = {
			isa = PBXSourcesBuildPhase;
			buildActionMask = 2147483647;
			files = (
				7E3C54112060F6A5004ECFFF /* StudyCollectionViewTests.swift in Sources */,
			);
			runOnlyForDeploymentPostprocessing = 0;
		};
/* End PBXSourcesBuildPhase section */

/* Begin PBXTargetDependency section */
		7E3C540E2060F6A5004ECFFF /* PBXTargetDependency */ = {
			isa = PBXTargetDependency;
			target = 7E3C53F72060F6A5004ECFFF /* StudyCollectionView */;
			targetProxy = 7E3C540D2060F6A5004ECFFF /* PBXContainerItemProxy */;
		};
/* End PBXTargetDependency section */

/* Begin PBXVariantGroup section */
		7E3C53FF2060F6A5004ECFFF /* Main.storyboard */ = {
			isa = PBXVariantGroup;
			children = (
				7E3C54002060F6A5004ECFFF /* Base */,
			);
			name = Main.storyboard;
			sourceTree = "<group>";
		};
		7E3C54042060F6A5004ECFFF /* LaunchScreen.storyboard */ = {
			isa = PBXVariantGroup;
			children = (
				7E3C54052060F6A5004ECFFF /* Base */,
			);
			name = LaunchScreen.storyboard;
			sourceTree = "<group>";
		};
/* End PBXVariantGroup section */

/* Begin XCBuildConfiguration section */
		7E3C54132060F6A5004ECFFF /* Debug */ = {
			isa = XCBuildConfiguration;
			buildSettings = {
				ALWAYS_SEARCH_USER_PATHS = NO;
				CLANG_ANALYZER_NONNULL = YES;
				CLANG_ANALYZER_NUMBER_OBJECT_CONVERSION = YES_AGGRESSIVE;
				CLANG_CXX_LANGUAGE_STANDARD = "gnu++0x";
				CLANG_CXX_LIBRARY = "libc++";
				CLANG_ENABLE_MODULES = YES;
				CLANG_ENABLE_OBJC_ARC = YES;
				CLANG_WARN_BOOL_CONVERSION = YES;
				CLANG_WARN_CONSTANT_CONVERSION = YES;
				CLANG_WARN_DIRECT_OBJC_ISA_USAGE = YES_ERROR;
				CLANG_WARN_DOCUMENTATION_COMMENTS = YES;
				CLANG_WARN_EMPTY_BODY = YES;
				CLANG_WARN_ENUM_CONVERSION = YES;
				CLANG_WARN_INFINITE_RECURSION = YES;
				CLANG_WARN_INT_CONVERSION = YES;
				CLANG_WARN_OBJC_ROOT_CLASS = YES_ERROR;
				CLANG_WARN_SUSPICIOUS_MOVE = YES;
				CLANG_WARN_UNREACHABLE_CODE = YES;
				CLANG_WARN__DUPLICATE_METHOD_MATCH = YES;
				"CODE_SIGN_IDENTITY[sdk=iphoneos*]" = "iPhone Developer";
				COPY_PHASE_STRIP = NO;
				DEBUG_INFORMATION_FORMAT = dwarf;
				ENABLE_STRICT_OBJC_MSGSEND = YES;
				ENABLE_TESTABILITY = YES;
				GCC_C_LANGUAGE_STANDARD = gnu99;
				GCC_DYNAMIC_NO_PIC = NO;
				GCC_NO_COMMON_BLOCKS = YES;
				GCC_OPTIMIZATION_LEVEL = 0;
				GCC_PREPROCESSOR_DEFINITIONS = (
					"DEBUG=1",
					"$(inherited)",
				);
				GCC_WARN_64_TO_32_BIT_CONVERSION = YES;
				GCC_WARN_ABOUT_RETURN_TYPE = YES_ERROR;
				GCC_WARN_UNDECLARED_SELECTOR = YES;
				GCC_WARN_UNINITIALIZED_AUTOS = YES_AGGRESSIVE;
				GCC_WARN_UNUSED_FUNCTION = YES;
				GCC_WARN_UNUSED_VARIABLE = YES;
				IPHONEOS_DEPLOYMENT_TARGET = 10.3;
				MTL_ENABLE_DEBUG_INFO = YES;
				ONLY_ACTIVE_ARCH = YES;
				SDKROOT = iphoneos;
				SWIFT_ACTIVE_COMPILATION_CONDITIONS = DEBUG;
				SWIFT_OPTIMIZATION_LEVEL = "-Onone";
				TARGETED_DEVICE_FAMILY = "1,2";
			};
			name = Debug;
		};
		7E3C54142060F6A5004ECFFF /* Release */ = {
			isa = XCBuildConfiguration;
			buildSettings = {
				ALWAYS_SEARCH_USER_PATHS = NO;
				CLANG_ANALYZER_NONNULL = YES;
				CLANG_ANALYZER_NUMBER_OBJECT_CONVERSION = YES_AGGRESSIVE;
				CLANG_CXX_LANGUAGE_STANDARD = "gnu++0x";
				CLANG_CXX_LIBRARY = "libc++";
				CLANG_ENABLE_MODULES = YES;
				CLANG_ENABLE_OBJC_ARC = YES;
				CLANG_WARN_BOOL_CONVERSION = YES;
				CLANG_WARN_CONSTANT_CONVERSION = YES;
				CLANG_WARN_DIRECT_OBJC_ISA_USAGE = YES_ERROR;
				CLANG_WARN_DOCUMENTATION_COMMENTS = YES;
				CLANG_WARN_EMPTY_BODY = YES;
				CLANG_WARN_ENUM_CONVERSION = YES;
				CLANG_WARN_INFINITE_RECURSION = YES;
				CLANG_WARN_INT_CONVERSION = YES;
				CLANG_WARN_OBJC_ROOT_CLASS = YES_ERROR;
				CLANG_WARN_SUSPICIOUS_MOVE = YES;
				CLANG_WARN_UNREACHABLE_CODE = YES;
				CLANG_WARN__DUPLICATE_METHOD_MATCH = YES;
				"CODE_SIGN_IDENTITY[sdk=iphoneos*]" = "iPhone Developer";
				COPY_PHASE_STRIP = NO;
				DEBUG_INFORMATION_FORMAT = "dwarf-with-dsym";
				ENABLE_NS_ASSERTIONS = NO;
				ENABLE_STRICT_OBJC_MSGSEND = YES;
				GCC_C_LANGUAGE_STANDARD = gnu99;
				GCC_NO_COMMON_BLOCKS = YES;
				GCC_WARN_64_TO_32_BIT_CONVERSION = YES;
				GCC_WARN_ABOUT_RETURN_TYPE = YES_ERROR;
				GCC_WARN_UNDECLARED_SELECTOR = YES;
				GCC_WARN_UNINITIALIZED_AUTOS = YES_AGGRESSIVE;
				GCC_WARN_UNUSED_FUNCTION = YES;
				GCC_WARN_UNUSED_VARIABLE = YES;
				IPHONEOS_DEPLOYMENT_TARGET = 10.3;
				MTL_ENABLE_DEBUG_INFO = NO;
				SDKROOT = iphoneos;
				SWIFT_OPTIMIZATION_LEVEL = "-Owholemodule";
				TARGETED_DEVICE_FAMILY = "1,2";
				VALIDATE_PRODUCT = YES;
			};
			name = Release;
		};
		7E3C54162060F6A5004ECFFF /* Debug */ = {
			isa = XCBuildConfiguration;
			buildSettings = {
				ASSETCATALOG_COMPILER_APPICON_NAME = AppIcon;
				DEVELOPMENT_TEAM = DXY592L98C;
				INFOPLIST_FILE = StudyCollectionView/Info.plist;
				LD_RUNPATH_SEARCH_PATHS = "$(inherited) @executable_path/Frameworks";
				PRODUCT_BUNDLE_IDENTIFIER = com.qwkj..StudyCollectionView;
				PRODUCT_NAME = "$(TARGET_NAME)";
				SWIFT_VERSION = 3.0;
			};
			name = Debug;
		};
		7E3C54172060F6A5004ECFFF /* Release */ = {
			isa = XCBuildConfiguration;
			buildSettings = {
				ASSETCATALOG_COMPILER_APPICON_NAME = AppIcon;
				DEVELOPMENT_TEAM = DXY592L98C;
				INFOPLIST_FILE = StudyCollectionView/Info.plist;
				LD_RUNPATH_SEARCH_PATHS = "$(inherited) @executable_path/Frameworks";
				PRODUCT_BUNDLE_IDENTIFIER = com.qwkj..StudyCollectionView;
				PRODUCT_NAME = "$(TARGET_NAME)";
				SWIFT_VERSION = 3.0;
			};
			name = Release;
		};
		7E3C54192060F6A5004ECFFF /* Debug */ = {
			isa = XCBuildConfiguration;
			buildSettings = {
				ALWAYS_EMBED_SWIFT_STANDARD_LIBRARIES = YES;
				BUNDLE_LOADER = "$(TEST_HOST)";
				DEVELOPMENT_TEAM = DXY592L98C;
				INFOPLIST_FILE = StudyCollectionViewTests/Info.plist;
				LD_RUNPATH_SEARCH_PATHS = "$(inherited) @executable_path/Frameworks @loader_path/Frameworks";
				PRODUCT_BUNDLE_IDENTIFIER = com.qwkj..StudyCollectionViewTests;
				PRODUCT_NAME = "$(TARGET_NAME)";
				SWIFT_VERSION = 3.0;
				TEST_HOST = "$(BUILT_PRODUCTS_DIR)/StudyCollectionView.app/StudyCollectionView";
			};
			name = Debug;
		};
		7E3C541A2060F6A5004ECFFF /* Release */ = {
			isa = XCBuildConfiguration;
			buildSettings = {
				ALWAYS_EMBED_SWIFT_STANDARD_LIBRARIES = YES;
				BUNDLE_LOADER = "$(TEST_HOST)";
				DEVELOPMENT_TEAM = DXY592L98C;
				INFOPLIST_FILE = StudyCollectionViewTests/Info.plist;
				LD_RUNPATH_SEARCH_PATHS = "$(inherited) @executable_path/Frameworks @loader_path/Frameworks";
				PRODUCT_BUNDLE_IDENTIFIER = com.qwkj..StudyCollectionViewTests;
				PRODUCT_NAME = "$(TARGET_NAME)";
				SWIFT_VERSION = 3.0;
				TEST_HOST = "$(BUILT_PRODUCTS_DIR)/StudyCollectionView.app/StudyCollectionView";
			};
			name = Release;
		};
/* End XCBuildConfiguration section */

/* Begin XCConfigurationList section */
		7E3C53F32060F6A5004ECFFF /* Build configuration list for PBXProject "StudyCollectionView" */ = {
			isa = XCConfigurationList;
			buildConfigurations = (
				7E3C54132060F6A5004ECFFF /* Debug */,
				7E3C54142060F6A5004ECFFF /* Release */,
			);
			defaultConfigurationIsVisible = 0;
			defaultConfigurationName = Release;
		};
		7E3C54152060F6A5004ECFFF /* Build configuration list for PBXNativeTarget "StudyCollectionView" */ = {
			isa = XCConfigurationList;
			buildConfigurations = (
				7E3C54162060F6A5004ECFFF /* Debug */,
				7E3C54172060F6A5004ECFFF /* Release */,
			);
			defaultConfigurationIsVisible = 0;
			defaultConfigurationName = Release;
		};
		7E3C54182060F6A5004ECFFF /* Build configuration list for PBXNativeTarget "StudyCollectionViewTests" */ = {
			isa = XCConfigurationList;
			buildConfigurations = (
				7E3C54192060F6A5004ECFFF /* Debug */,
				7E3C541A2060F6A5004ECFFF /* Release */,
			);
			defaultConfigurationIsVisible = 0;
			defaultConfigurationName = Release;
		};
/* End XCConfigurationList section */
	};
	rootObject = 7E3C53F02060F6A5004ECFFF /* Project object */;
}
